
Microsoft Visual Studio Solution File, Format Version 12.00
# Visual Studio Version 17
VisualStudioVersion = 17.10.35004.147
MinimumVisualStudioVersion = 10.0.40219.1
Project("{FAE04EC0-301F-11D3-BF4B-00C04F79EFBC}") = "UserService", "UserService.csproj", "{5AE3AE40-7495-4F84-BB5E-7BAA8F0A791D}"
EndProject
Global
	GlobalSection(SolutionConfigurationPlatforms) = preSolution
		Debug|Any CPU = Debug|Any CPU
		Release|Any CPU = Release|Any CPU
	EndGlobalSection
	GlobalSection(ProjectConfigurationPlatforms) = postSolution
		{5AE3AE40-7495-4F84-BB5E-7BAA8F0A791D}.Debug|Any CPU.ActiveCfg = Debug|Any CPU
		{5AE3AE40-7495-4F84-BB5E-7BAA8F0A791D}.Debug|Any CPU.Build.0 = Debug|Any CPU
		{5AE3AE40-7495-4F84-BB5E-7BAA8F0A791D}.Release|Any CPU.ActiveCfg = Release|Any CPU
		{5AE3AE40-7495-4F84-BB5E-7BAA8F0A791D}.Release|Any CPU.Build.0 = Release|Any CPU
	EndGlobalSection
	GlobalSection(SolutionProperties) = preSolution
		HideSolutionNode = FALSE
	EndGlobalSection
	GlobalSection(ExtensibilityGlobals) = postSolution
		SolutionGuid = {B19AC0DB-3274-48DC-85B7-9FAEA0F3F052}
	EndGlobalSection
EndGlobal
